
Microsoft Visual Studio Solution File, Format Version 12.00
# Visual Studio Version 17
VisualStudioVersion = 17.0.31710.8
MinimumVisualStudioVersion = 10.0.40219.1
Project("{9A19103F-16F7-4668-BE54-9A1E7A4F7556}") = "BelgianCartoons.Scraper.Functions", "BelgianCartoons\BelgianCartoons.Scraper.Functions.csproj", "{1F7F6BF0-6B6A-40E2-8751-A2B0FF58B0AC}"
EndProject
Project("{9A19103F-16F7-4668-BE54-9A1E7A4F7556}") = "BelgianCartoons.Abstract", "BelgianCartoons.Abstract\BelgianCartoons.Abstract.csproj", "{3DD67F47-A873-499B-88AC-C449BC3CD6F1}"
EndProject
Project("{9A19103F-16F7-4668-BE54-9A1E7A4F7556}") = "BelgianCartoons.Core", "BelgianCartoons.Core\BelgianCartoons.Core.csproj", "{FA9E067B-65C9-4DB3-92EC-BD2B6CE297BE}"
EndProject
Project("{2150E333-8FDC-42A3-9474-1A3956D46DE8}") = "Scrapers", "Scrapers", "{93EEC37E-BBB5-4886-BB76-60D16DE3BC2F}"
EndProject
Project("{2150E333-8FDC-42A3-9474-1A3956D46DE8}") = "TestApps", "TestApps", "{5374F6F8-6AB3-4BBB-A94D-E9AAC19433B2}"
EndProject
Project("{2150E333-8FDC-42A3-9474-1A3956D46DE8}") = "Web", "Web", "{00E7459C-9D77-45CD-8F11-6DB51F1C0588}"
EndProject
Project("{2150E333-8FDC-42A3-9474-1A3956D46DE8}") = "Core", "Core", "{CCD9816F-C3F6-42C4-BCF3-28C6D166670D}"
EndProject
Global
	GlobalSection(SolutionConfigurationPlatforms) = preSolution
		Debug|Any CPU = Debug|Any CPU
		Release|Any CPU = Release|Any CPU
	EndGlobalSection
	GlobalSection(ProjectConfigurationPlatforms) = postSolution
		{1F7F6BF0-6B6A-40E2-8751-A2B0FF58B0AC}.Debug|Any CPU.ActiveCfg = Debug|Any CPU
		{1F7F6BF0-6B6A-40E2-8751-A2B0FF58B0AC}.Debug|Any CPU.Build.0 = Debug|Any CPU
		{1F7F6BF0-6B6A-40E2-8751-A2B0FF58B0AC}.Release|Any CPU.ActiveCfg = Release|Any CPU
		{1F7F6BF0-6B6A-40E2-8751-A2B0FF58B0AC}.Release|Any CPU.Build.0 = Release|Any CPU
		{3DD67F47-A873-499B-88AC-C449BC3CD6F1}.Debug|Any CPU.ActiveCfg = Debug|Any CPU
		{3DD67F47-A873-499B-88AC-C449BC3CD6F1}.Debug|Any CPU.Build.0 = Debug|Any CPU
		{3DD67F47-A873-499B-88AC-C449BC3CD6F1}.Release|Any CPU.ActiveCfg = Release|Any CPU
		{3DD67F47-A873-499B-88AC-C449BC3CD6F1}.Release|Any CPU.Build.0 = Release|Any CPU
		{FA9E067B-65C9-4DB3-92EC-BD2B6CE297BE}.Debug|Any CPU.ActiveCfg = Debug|Any CPU
		{FA9E067B-65C9-4DB3-92EC-BD2B6CE297BE}.Debug|Any CPU.Build.0 = Debug|Any CPU
		{FA9E067B-65C9-4DB3-92EC-BD2B6CE297BE}.Release|Any CPU.ActiveCfg = Release|Any CPU
		{FA9E067B-65C9-4DB3-92EC-BD2B6CE297BE}.Release|Any CPU.Build.0 = Release|Any CPU
	EndGlobalSection
	GlobalSection(SolutionProperties) = preSolution
		HideSolutionNode = FALSE
	EndGlobalSection
	GlobalSection(NestedProjects) = preSolution
		{1F7F6BF0-6B6A-40E2-8751-A2B0FF58B0AC} = {93EEC37E-BBB5-4886-BB76-60D16DE3BC2F}
		{3DD67F47-A873-499B-88AC-C449BC3CD6F1} = {CCD9816F-C3F6-42C4-BCF3-28C6D166670D}
		{FA9E067B-65C9-4DB3-92EC-BD2B6CE297BE} = {CCD9816F-C3F6-42C4-BCF3-28C6D166670D}
	EndGlobalSection
	GlobalSection(ExtensibilityGlobals) = postSolution
		SolutionGuid = {C0B83BB0-30BD-46AC-8EDB-6A38C70501E1}
	EndGlobalSection
EndGlobal
